
Microsoft Visual Studio Solution File, Format Version 12.00
# Visual Studio Version 17
VisualStudioVersion = 17.14.36429.23 d17.14
MinimumVisualStudioVersion = 10.0.40219.1
Project("{FAE04EC0-301F-11D3-BF4B-00C04F79EFBC}") = "slumpat", "slumpat.csproj", "{CC811AE6-FFA8-4424-B30A-867A91246B9C}"
EndProject
Global
	GlobalSection(SolutionConfigurationPlatforms) = preSolution
		Debug|Any CPU = Debug|Any CPU
		Release|Any CPU = Release|Any CPU
	EndGlobalSection
	GlobalSection(ProjectConfigurationPlatforms) = postSolution
		{CC811AE6-FFA8-4424-B30A-867A91246B9C}.Debug|Any CPU.ActiveCfg = Debug|Any CPU
		{CC811AE6-FFA8-4424-B30A-867A91246B9C}.Debug|Any CPU.Build.0 = Debug|Any CPU
		{CC811AE6-FFA8-4424-B30A-867A91246B9C}.Release|Any CPU.ActiveCfg = Release|Any CPU
		{CC811AE6-FFA8-4424-B30A-867A91246B9C}.Release|Any CPU.Build.0 = Release|Any CPU
	EndGlobalSection
	GlobalSection(SolutionProperties) = preSolution
		HideSolutionNode = FALSE
	EndGlobalSection
	GlobalSection(ExtensibilityGlobals) = postSolution
		SolutionGuid = {C8BF9C6C-3891-4CB4-AC95-820069E37970}
	EndGlobalSection
EndGlobal
